
Microsoft Visual Studio Solution File, Format Version 12.00
# Visual Studio Version 17
VisualStudioVersion = 17.0.32112.339
MinimumVisualStudioVersion = 10.0.40219.1
Project("{FAE04EC0-301F-11D3-BF4B-00C04F79EFBC}") = "13504_egzamin_z_asp", "13504_egzamin_z_asp\13504_egzamin_z_asp.csproj", "{82634FE5-AFCD-4FE6-8B93-427D755BD515}"
EndProject
Global
	GlobalSection(SolutionConfigurationPlatforms) = preSolution
		Debug|Any CPU = Debug|Any CPU
		Release|Any CPU = Release|Any CPU
	EndGlobalSection
	GlobalSection(ProjectConfigurationPlatforms) = postSolution
		{82634FE5-AFCD-4FE6-8B93-427D755BD515}.Debug|Any CPU.ActiveCfg = Debug|Any CPU
		{82634FE5-AFCD-4FE6-8B93-427D755BD515}.Debug|Any CPU.Build.0 = Debug|Any CPU
		{82634FE5-AFCD-4FE6-8B93-427D755BD515}.Release|Any CPU.ActiveCfg = Release|Any CPU
		{82634FE5-AFCD-4FE6-8B93-427D755BD515}.Release|Any CPU.Build.0 = Release|Any CPU
	EndGlobalSection
	GlobalSection(SolutionProperties) = preSolution
		HideSolutionNode = FALSE
	EndGlobalSection
	GlobalSection(ExtensibilityGlobals) = postSolution
		SolutionGuid = {20FECBF4-D8E5-4C8D-A9DF-A046F6DB1248}
	EndGlobalSection
EndGlobal
